// !$*UTF8*$!
{
	archiveVersion = 1;
	classes = {
	};
	objectVersion = 55;
	objects = {

/* Begin PBXBuildFile section */
		F687180427D3CEFF00DB62D1 /* AppDelegate.swift in Sources */ = {isa = PBXBuildFile; fileRef = F687180327D3CEFF00DB62D1 /* AppDelegate.swift */; };
		F687180627D3CEFF00DB62D1 /* SceneDelegate.swift in Sources */ = {isa = PBXBuildFile; fileRef = F687180527D3CEFF00DB62D1 /* SceneDelegate.swift */; };
		F687180827D3CEFF00DB62D1 /* ViewController.swift in Sources */ = {isa = PBXBuildFile; fileRef = F687180727D3CEFF00DB62D1 /* ViewController.swift */; };
		F687180B27D3CEFF00DB62D1 /* Main.storyboard in Resources */ = {isa = PBXBuildFile; fileRef = F687180927D3CEFF00DB62D1 /* Main.storyboard */; };
		F687180D27D3CF0000DB62D1 /* Assets.xcassets in Resources */ = {isa = PBXBuildFile; fileRef = F687180C27D3CF0000DB62D1 /* Assets.xcassets */; };
		F687181027D3CF0000DB62D1 /* LaunchScreen.storyboard in Resources */ = {isa = PBXBuildFile; fileRef = F687180E27D3CF0000DB62D1 /* LaunchScreen.storyboard */; };
		F687181B27D3CF0000DB62D1 /* Storm_ViewerTests.swift in Sources */ = {isa = PBXBuildFile; fileRef = F687181A27D3CF0000DB62D1 /* Storm_ViewerTests.swift */; };
		F687182527D3CF0000DB62D1 /* Storm_ViewerUITests.swift in Sources */ = {isa = PBXBuildFile; fileRef = F687182427D3CF0000DB62D1 /* Storm_ViewerUITests.swift */; };
		F687182727D3CF0000DB62D1 /* Storm_ViewerUITestsLaunchTests.swift in Sources */ = {isa = PBXBuildFile; fileRef = F687182627D3CF0000DB62D1 /* Storm_ViewerUITestsLaunchTests.swift */; };
/* End PBXBuildFile section */

/* Begin PBXContainerItemProxy section */
		F687181727D3CF0000DB62D1 /* PBXContainerItemProxy */ = {
			isa = PBXContainerItemProxy;
			containerPortal = F68717F827D3CEFF00DB62D1 /* Project object */;
			proxyType = 1;
			remoteGlobalIDString = F68717FF27D3CEFF00DB62D1;
			remoteInfo = "Storm Viewer";
		};
		F687182127D3CF0000DB62D1 /* PBXContainerItemProxy */ = {
			isa = PBXContainerItemProxy;
			containerPortal = F68717F827D3CEFF00DB62D1 /* Project object */;
			proxyType = 1;
			remoteGlobalIDString = F68717FF27D3CEFF00DB62D1;
			remoteInfo = "Storm Viewer";
		};
/* End PBXContainerItemProxy section */

/* Begin PBXFileReference section */
		F687180027D3CEFF00DB62D1 /* Storm Viewer.app */ = {isa = PBXFileReference; explicitFileType = wrapper.application; includeInIndex = 0; path = "Storm Viewer.app"; sourceTree = BUILT_PRODUCTS_DIR; };
		F687180327D3CEFF00DB62D1 /* AppDelegate.swift */ = {isa = PBXFileReference; lastKnownFileType = sourcecode.swift; path = AppDelegate.swift; sourceTree = "<group>"; };
		F687180527D3CEFF00DB62D1 /* SceneDelegate.swift */ = {isa = PBXFileReference; lastKnownFileType = sourcecode.swift; path = SceneDelegate.swift; sourceTree = "<group>"; };
		F687180727D3CEFF00DB62D1 /* ViewController.swift */ = {isa = PBXFileReference; lastKnownFileType = sourcecode.swift; path = ViewController.swift; sourceTree = "<group>"; };
		F687180A27D3CEFF00DB62D1 /* Base */ = {isa = PBXFileReference; lastKnownFileType = file.storyboard; name = Base; path = Base.lproj/Main.storyboard; sourceTree = "<group>"; };
		F687180C27D3CF0000DB62D1 /* Assets.xcassets */ = {isa = PBXFileReference; lastKnownFileType = folder.assetcatalog; path = Assets.xcassets; sourceTree = "<group>"; };
		F687180F27D3CF0000DB62D1 /* Base */ = {isa = PBXFileReference; lastKnownFileType = file.storyboard; name = Base; path = Base.lproj/LaunchScreen.storyboard; sourceTree = "<group>"; };
		F687181127D3CF0000DB62D1 /* Info.plist */ = {isa = PBXFileReference; lastKnownFileType = text.plist.xml; path = Info.plist; sourceTree = "<group>"; };
		F687181627D3CF0000DB62D1 /* Storm ViewerTests.xctest */ = {isa = PBXFileReference; explicitFileType = wrapper.cfbundle; includeInIndex = 0; path = "Storm ViewerTests.xctest"; sourceTree = BUILT_PRODUCTS_DIR; };
		F687181A27D3CF0000DB62D1 /* Storm_ViewerTests.swift */ = {isa = PBXFileReference; lastKnownFileType = sourcecode.swift; path = Storm_ViewerTests.swift; sourceTree = "<group>"; };
		F687182027D3CF0000DB62D1 /* Storm ViewerUITests.xctest */ = {isa = PBXFileReference; explicitFileType = wrapper.cfbundle; includeInIndex = 0; path = "Storm ViewerUITests.xctest"; sourceTree = BUILT_PRODUCTS_DIR; };
		F687182427D3CF0000DB62D1 /* Storm_ViewerUITests.swift */ = {isa = PBXFileReference; lastKnownFileType = sourcecode.swift; path = Storm_ViewerUITests.swift; sourceTree = "<group>"; };
		F687182627D3CF0000DB62D1 /* Storm_ViewerUITestsLaunchTests.swift */ = {isa = PBXFileReference; lastKnownFileType = sourcecode.swift; path = Storm_ViewerUITestsLaunchTests.swift; sourceTree = "<group>"; };
/* End PBXFileReference section */

/* Begin PBXFrameworksBuildPhase section */
		F68717FD27D3CEFF00DB62D1 /* Frameworks */ = {
			isa = PBXFrameworksBuildPhase;
			buildActionMask = 2147483647;
			files = (
			);
			runOnlyForDeploymentPostprocessing = 0;
		};
		F687181327D3CF0000DB62D1 /* Frameworks */ = {
			isa = PBXFrameworksBuildPhase;
			buildActionMask = 2147483647;
			files = (
			);
			runOnlyForDeploymentPostprocessing = 0;
		};
		F687181D27D3CF0000DB62D1 /* Frameworks */ = {
			isa = PBXFrameworksBuildPhase;
			buildActionMask = 2147483647;
			files = (
			);
			runOnlyForDeploymentPostprocessing = 0;
		};
/* End PBXFrameworksBuildPhase section */

/* Begin PBXGroup section */
		F68717F727D3CEFF00DB62D1 = {
			isa = PBXGroup;
			children = (
				F687180227D3CEFF00DB62D1 /* Storm Viewer */,
				F687181927D3CF0000DB62D1 /* Storm ViewerTests */,
				F687182327D3CF0000DB62D1 /* Storm ViewerUITests */,
				F687180127D3CEFF00DB62D1 /* Products */,
			);
			sourceTree = "<group>";
		};
		F687180127D3CEFF00DB62D1 /* Products */ = {
			isa = PBXGroup;
			children = (
				F687180027D3CEFF00DB62D1 /* Storm Viewer.app */,
				F687181627D3CF0000DB62D1 /* Storm ViewerTests.xctest */,
				F687182027D3CF0000DB62D1 /* Storm ViewerUITests.xctest */,
			);
			name = Products;
			sourceTree = "<group>";
		};
		F687180227D3CEFF00DB62D1 /* Storm Viewer */ = {
			isa = PBXGroup;
			children = (
				F687180327D3CEFF00DB62D1 /* AppDelegate.swift */,
				F687180527D3CEFF00DB62D1 /* SceneDelegate.swift */,
				F687180727D3CEFF00DB62D1 /* ViewController.swift */,
				F687180927D3CEFF00DB62D1 /* Main.storyboard */,
				F687180C27D3CF0000DB62D1 /* Assets.xcassets */,
				F687180E27D3CF0000DB62D1 /* LaunchScreen.storyboard */,
				F687181127D3CF0000DB62D1 /* Info.plist */,
			);
			path = "Storm Viewer";
			sourceTree = "<group>";
		};
		F687181927D3CF0000DB62D1 /* Storm ViewerTests */ = {
			isa = PBXGroup;
			children = (
				F687181A27D3CF0000DB62D1 /* Storm_ViewerTests.swift */,
			);
			path = "Storm ViewerTests";
			sourceTree = "<group>";
		};
		F687182327D3CF0000DB62D1 /* Storm ViewerUITests */ = {
			isa = PBXGroup;
			children = (
				F687182427D3CF0000DB62D1 /* Storm_ViewerUITests.swift */,
				F687182627D3CF0000DB62D1 /* Storm_ViewerUITestsLaunchTests.swift */,
			);
			path = "Storm ViewerUITests";
			sourceTree = "<group>";
		};
/* End PBXGroup section */

/* Begin PBXNativeTarget section */
		F68717FF27D3CEFF00DB62D1 /* Storm Viewer */ = {
			isa = PBXNativeTarget;
			buildConfigurationList = F687182A27D3CF0000DB62D1 /* Build configuration list for PBXNativeTarget "Storm Viewer" */;
			buildPhases = (
				F68717FC27D3CEFF00DB62D1 /* Sources */,
				F68717FD27D3CEFF00DB62D1 /* Frameworks */,
				F68717FE27D3CEFF00DB62D1 /* Resources */,
			);
			buildRules = (
			);
			dependencies = (
			);
			name = "Storm Viewer";
			productName = "Storm Viewer";
			productReference = F687180027D3CEFF00DB62D1 /* Storm Viewer.app */;
			productType = "com.apple.product-type.application";
		};
		F687181527D3CF0000DB62D1 /* Storm ViewerTests */ = {
			isa = PBXNativeTarget;
			buildConfigurationList = F687182D27D3CF0000DB62D1 /* Build configuration list for PBXNativeTarget "Storm ViewerTests" */;
			buildPhases = (
				F687181227D3CF0000DB62D1 /* Sources */,
				F687181327D3CF0000DB62D1 /* Frameworks */,
				F687181427D3CF0000DB62D1 /* Resources */,
			);
			buildRules = (
			);
			dependencies = (
				F687181827D3CF0000DB62D1 /* PBXTargetDependency */,
			);
			name = "Storm ViewerTests";
			productName = "Storm ViewerTests";
			productReference = F687181627D3CF0000DB62D1 /* Storm ViewerTests.xctest */;
			productType = "com.apple.product-type.bundle.unit-test";
		};
		F687181F27D3CF0000DB62D1 /* Storm ViewerUITests */ = {
			isa = PBXNativeTarget;
			buildConfigurationList = F687183027D3CF0000DB62D1 /* Build configuration list for PBXNativeTarget "Storm ViewerUITests" */;
			buildPhases = (
				F687181C27D3CF0000DB62D1 /* Sources */,
				F687181D27D3CF0000DB62D1 /* Frameworks */,
				F687181E27D3CF0000DB62D1 /* Resources */,
			);
			buildRules = (
			);
			dependencies = (
				F687182227D3CF0000DB62D1 /* PBXTargetDependency */,
			);
			name = "Storm ViewerUITests";
			productName = "Storm ViewerUITests";
			productReference = F687182027D3CF0000DB62D1 /* Storm ViewerUITests.xctest */;
			productType = "com.apple.product-type.bundle.ui-testing";
		};
/* End PBXNativeTarget section */

/* Begin PBXProject section */
		F68717F827D3CEFF00DB62D1 /* Project object */ = {
			isa = PBXProject;
			attributes = {
				BuildIndependentTargetsInParallel = 1;
				LastSwiftUpdateCheck = 1320;
				LastUpgradeCheck = 1320;
				TargetAttributes = {
					F68717FF27D3CEFF00DB62D1 = {
						CreatedOnToolsVersion = 13.2.1;
					};
					F687181527D3CF0000DB62D1 = {
						CreatedOnToolsVersion = 13.2.1;
						TestTargetID = F68717FF27D3CEFF00DB62D1;
					};
					F687181F27D3CF0000DB62D1 = {
						CreatedOnToolsVersion = 13.2.1;
						TestTargetID = F68717FF27D3CEFF00DB62D1;
					};
				};
			};
			buildConfigurationList = F68717FB27D3CEFF00DB62D1 /* Build configuration list for PBXProject "Storm Viewer" */;
			compatibilityVersion = "Xcode 13.0";
			developmentRegion = en;
			hasScannedForEncodings = 0;
			knownRegions = (
				en,
				Base,
			);
			mainGroup = F68717F727D3CEFF00DB62D1;
			productRefGroup = F687180127D3CEFF00DB62D1 /* Products */;
			projectDirPath = "";
			projectRoot = "";
			targets = (
				F68717FF27D3CEFF00DB62D1 /* Storm Viewer */,
				F687181527D3CF0000DB62D1 /* Storm ViewerTests */,
				F687181F27D3CF0000DB62D1 /* Storm ViewerUITests */,
			);
		};
/* End PBXProject section */

/* Begin PBXResourcesBuildPhase section */
		F68717FE27D3CEFF00DB62D1 /* Resources */ = {
			isa = PBXResourcesBuildPhase;
			buildActionMask = 2147483647;
			files = (
				F687181027D3CF0000DB62D1 /* LaunchScreen.storyboard in Resources */,
				F687180D27D3CF0000DB62D1 /* Assets.xcassets in Resources */,
				F687180B27D3CEFF00DB62D1 /* Main.storyboard in Resources */,
			);
			runOnlyForDeploymentPostprocessing = 0;
		};
		F687181427D3CF0000DB62D1 /* Resources */ = {
			isa = PBXResourcesBuildPhase;
			buildActionMask = 2147483647;
			files = (
			);
			runOnlyForDeploymentPostprocessing = 0;
		};
		F687181E27D3CF0000DB62D1 /* Resources */ = {
			isa = PBXResourcesBuildPhase;
			buildActionMask = 2147483647;
			files = (
			);
			runOnlyForDeploymentPostprocessing = 0;
		};
/* End PBXResourcesBuildPhase section */

/* Begin PBXSourcesBuildPhase section */
		F68717FC27D3CEFF00DB62D1 /* Sources */ = {
			isa = PBXSourcesBuildPhase;
			buildActionMask = 2147483647;
			files = (
				F687180827D3CEFF00DB62D1 /* ViewController.swift in Sources */,
				F687180427D3CEFF00DB62D1 /* AppDelegate.swift in Sources */,
				F687180627D3CEFF00DB62D1 /* SceneDelegate.swift in Sources */,
			);
			runOnlyForDeploymentPostprocessing = 0;
		};
		F687181227D3CF0000DB62D1 /* Sources */ = {
			isa = PBXSourcesBuildPhase;
			buildActionMask = 2147483647;
			files = (
				F687181B27D3CF0000DB62D1 /* Storm_ViewerTests.swift in Sources */,
			);
			runOnlyForDeploymentPostprocessing = 0;
		};
		F687181C27D3CF0000DB62D1 /* Sources */ = {
			isa = PBXSourcesBuildPhase;
			buildActionMask = 2147483647;
			files = (
				F687182727D3CF0000DB62D1 /* Storm_ViewerUITestsLaunchTests.swift in Sources */,
				F687182527D3CF0000DB62D1 /* Storm_ViewerUITests.swift in Sources */,
			);
			runOnlyForDeploymentPostprocessing = 0;
		};
/* End PBXSourcesBuildPhase section */

/* Begin PBXTargetDependency section */
		F687181827D3CF0000DB62D1 /* PBXTargetDependency */ = {
			isa = PBXTargetDependency;
			target = F68717FF27D3CEFF00DB62D1 /* Storm Viewer */;
			targetProxy = F687181727D3CF0000DB62D1 /* PBXContainerItemProxy */;
		};
		F687182227D3CF0000DB62D1 /* PBXTargetDependency */ = {
			isa = PBXTargetDependency;
			target = F68717FF27D3CEFF00DB62D1 /* Storm Viewer */;
			targetProxy = F687182127D3CF0000DB62D1 /* PBXContainerItemProxy */;
		};
/* End PBXTargetDependency section */

/* Begin PBXVariantGroup section */
		F687180927D3CEFF00DB62D1 /* Main.storyboard */ = {
			isa = PBXVariantGroup;
			children = (
				F687180A27D3CEFF00DB62D1 /* Base */,
			);
			name = Main.storyboard;
			sourceTree = "<group>";
		};
		F687180E27D3CF0000DB62D1 /* LaunchScreen.storyboard */ = {
			isa = PBXVariantGroup;
			children = (
				F687180F27D3CF0000DB62D1 /* Base */,
			);
			name = LaunchScreen.storyboard;
			sourceTree = "<group>";
		};
/* End PBXVariantGroup section */

/* Begin XCBuildConfiguration section */
		F687182827D3CF0000DB62D1 /* Debug */ = {
			isa = XCBuildConfiguration;
			buildSettings = {
				ALWAYS_SEARCH_USER_PATHS = NO;
				CLANG_ANALYZER_NONNULL = YES;
				CLANG_ANALYZER_NUMBER_OBJECT_CONVERSION = YES_AGGRESSIVE;
				CLANG_CXX_LANGUAGE_STANDARD = "gnu++17";
				CLANG_CXX_LIBRARY = "libc++";
				CLANG_ENABLE_MODULES = YES;
				CLANG_ENABLE_OBJC_ARC = YES;
				CLANG_ENABLE_OBJC_WEAK = YES;
				CLANG_WARN_BLOCK_CAPTURE_AUTORELEASING = YES;
				CLANG_WARN_BOOL_CONVERSION = YES;
				CLANG_WARN_COMMA = YES;
				CLANG_WARN_CONSTANT_CONVERSION = YES;
				CLANG_WARN_DEPRECATED_OBJC_IMPLEMENTATIONS = YES;
				CLANG_WARN_DIRECT_OBJC_ISA_USAGE = YES_ERROR;
				CLANG_WARN_DOCUMENTATION_COMMENTS = YES;
				CLANG_WARN_EMPTY_BODY = YES;
				CLANG_WARN_ENUM_CONVERSION = YES;
				CLANG_WARN_INFINITE_RECURSION = YES;
				CLANG_WARN_INT_CONVERSION = YES;
				CLANG_WARN_NON_LITERAL_NULL_CONVERSION = YES;
				CLANG_WARN_OBJC_IMPLICIT_RETAIN_SELF = YES;
				CLANG_WARN_OBJC_LITERAL_CONVERSION = YES;
				CLANG_WARN_OBJC_ROOT_CLASS = YES_ERROR;
				CLANG_WARN_QUOTED_INCLUDE_IN_FRAMEWORK_HEADER = YES;
				CLANG_WARN_RANGE_LOOP_ANALYSIS = YES;
				CLANG_WARN_STRICT_PROTOTYPES = YES;
				CLANG_WARN_SUSPICIOUS_MOVE = YES;
				CLANG_WARN_UNGUARDED_AVAILABILITY = YES_AGGRESSIVE;
				CLANG_WARN_UNREACHABLE_CODE = YES;
				CLANG_WARN__DUPLICATE_METHOD_MATCH = YES;
				COPY_PHASE_STRIP = NO;
				DEBUG_INFORMATION_FORMAT = dwarf;
				ENABLE_STRICT_OBJC_MSGSEND = YES;
				ENABLE_TESTABILITY = YES;
				GCC_C_LANGUAGE_STANDARD = gnu11;
				GCC_DYNAMIC_NO_PIC = NO;
				GCC_NO_COMMON_BLOCKS = YES;
				GCC_OPTIMIZATION_LEVEL = 0;
				GCC_PREPROCESSOR_DEFINITIONS = (
					"DEBUG=1",
					"$(inherited)",
				);
				GCC_WARN_64_TO_32_BIT_CONVERSION = YES;
				GCC_WARN_ABOUT_RETURN_TYPE = YES_ERROR;
				GCC_WARN_UNDECLARED_SELECTOR = YES;
				GCC_WARN_UNINITIALIZED_AUTOS = YES_AGGRESSIVE;
				GCC_WARN_UNUSED_FUNCTION = YES;
				GCC_WARN_UNUSED_VARIABLE = YES;
				IPHONEOS_DEPLOYMENT_TARGET = 15.2;
				MTL_ENABLE_DEBUG_INFO = INCLUDE_SOURCE;
				MTL_FAST_MATH = YES;
				ONLY_ACTIVE_ARCH = YES;
				SDKROOT = iphoneos;
				SWIFT_ACTIVE_COMPILATION_CONDITIONS = DEBUG;
				SWIFT_OPTIMIZATION_LEVEL = "-Onone";
			};
			name = Debug;
		};
		F687182927D3CF0000DB62D1 /* Release */ = {
			isa = XCBuildConfiguration;
			buildSettings = {
				ALWAYS_SEARCH_USER_PATHS = NO;
				CLANG_ANALYZER_NONNULL = YES;
				CLANG_ANALYZER_NUMBER_OBJECT_CONVERSION = YES_AGGRESSIVE;
				CLANG_CXX_LANGUAGE_STANDARD = "gnu++17";
				CLANG_CXX_LIBRARY = "libc++";
				CLANG_ENABLE_MODULES = YES;
				CLANG_ENABLE_OBJC_ARC = YES;
				CLANG_ENABLE_OBJC_WEAK = YES;
				CLANG_WARN_BLOCK_CAPTURE_AUTORELEASING = YES;
				CLANG_WARN_BOOL_CONVERSION = YES;
				CLANG_WARN_COMMA = YES;
				CLANG_WARN_CONSTANT_CONVERSION = YES;
				CLANG_WARN_DEPRECATED_OBJC_IMPLEMENTATIONS = YES;
				CLANG_WARN_DIRECT_OBJC_ISA_USAGE = YES_ERROR;
				CLANG_WARN_DOCUMENTATION_COMMENTS = YES;
				CLANG_WARN_EMPTY_BODY = YES;
				CLANG_WARN_ENUM_CONVERSION = YES;
				CLANG_WARN_INFINITE_RECURSION = YES;
				CLANG_WARN_INT_CONVERSION = YES;
				CLANG_WARN_NON_LITERAL_NULL_CONVERSION = YES;
				CLANG_WARN_OBJC_IMPLICIT_RETAIN_SELF = YES;
				CLANG_WARN_OBJC_LITERAL_CONVERSION = YES;
				CLANG_WARN_OBJC_ROOT_CLASS = YES_ERROR;
				CLANG_WARN_QUOTED_INCLUDE_IN_FRAMEWORK_HEADER = YES;
				CLANG_WARN_RANGE_LOOP_ANALYSIS = YES;
				CLANG_WARN_STRICT_PROTOTYPES = YES;
				CLANG_WARN_SUSPICIOUS_MOVE = YES;
				CLANG_WARN_UNGUARDED_AVAILABILITY = YES_AGGRESSIVE;
				CLANG_WARN_UNREACHABLE_CODE = YES;
				CLANG_WARN__DUPLICATE_METHOD_MATCH = YES;
				COPY_PHASE_STRIP = NO;
				DEBUG_INFORMATION_FORMAT = "dwarf-with-dsym";
				ENABLE_NS_ASSERTIONS = NO;
				ENABLE_STRICT_OBJC_MSGSEND = YES;
				GCC_C_LANGUAGE_STANDARD = gnu11;
				GCC_NO_COMMON_BLOCKS = YES;
				GCC_WARN_64_TO_32_BIT_CONVERSION = YES;
				GCC_WARN_ABOUT_RETURN_TYPE = YES_ERROR;
				GCC_WARN_UNDECLARED_SELECTOR = YES;
				GCC_WARN_UNINITIALIZED_AUTOS = YES_AGGRESSIVE;
				GCC_WARN_UNUSED_FUNCTION = YES;
				GCC_WARN_UNUSED_VARIABLE = YES;
				IPHONEOS_DEPLOYMENT_TARGET = 15.2;
				MTL_ENABLE_DEBUG_INFO = NO;
				MTL_FAST_MATH = YES;
				SDKROOT = iphoneos;
				SWIFT_COMPILATION_MODE = wholemodule;
				SWIFT_OPTIMIZATION_LEVEL = "-O";
				VALIDATE_PRODUCT = YES;
			};
			name = Release;
		};
		F687182B27D3CF0000DB62D1 /* Debug */ = {
			isa = XCBuildConfiguration;
			buildSettings = {
				ASSETCATALOG_COMPILER_APPICON_NAME = AppIcon;
				ASSETCATALOG_COMPILER_GLOBAL_ACCENT_COLOR_NAME = AccentColor;
				CODE_SIGN_STYLE = Automatic;
				CURRENT_PROJECT_VERSION = 1;
				GENERATE_INFOPLIST_FILE = YES;
				INFOPLIST_FILE = "Storm Viewer/Info.plist";
				INFOPLIST_KEY_UIApplicationSupportsIndirectInputEvents = YES;
				INFOPLIST_KEY_UILaunchStoryboardName = LaunchScreen;
				INFOPLIST_KEY_UIMainStoryboardFile = Main;
				INFOPLIST_KEY_UISupportedInterfaceOrientations_iPad = "UIInterfaceOrientationPortrait UIInterfaceOrientationPortraitUpsideDown UIInterfaceOrientationLandscapeLeft UIInterfaceOrientationLandscapeRight";
				INFOPLIST_KEY_UISupportedInterfaceOrientations_iPhone = "UIInterfaceOrientationPortrait UIInterfaceOrientationLandscapeLeft UIInterfaceOrientationLandscapeRight";
				LD_RUNPATH_SEARCH_PATHS = (
					"$(inherited)",
					"@executable_path/Frameworks",
				);
				MARKETING_VERSION = 1.0;
				PRODUCT_BUNDLE_IDENTIFIER = "Sankalp.Storm-Viewer";
				PRODUCT_NAME = "$(TARGET_NAME)";
				SWIFT_EMIT_LOC_STRINGS = YES;
				SWIFT_VERSION = 5.0;
				TARGETED_DEVICE_FAMILY = "1,2";
			};
			name = Debug;
		};
		F687182C27D3CF0000DB62D1 /* Release */ = {
			isa = XCBuildConfiguration;
			buildSettings = {
				ASSETCATALOG_COMPILER_APPICON_NAME = AppIcon;
				ASSETCATALOG_COMPILER_GLOBAL_ACCENT_COLOR_NAME = AccentColor;
				CODE_SIGN_STYLE = Automatic;
				CURRENT_PROJECT_VERSION = 1;
				GENERATE_INFOPLIST_FILE = YES;
				INFOPLIST_FILE = "Storm Viewer/Info.plist";
				INFOPLIST_KEY_UIApplicationSupportsIndirectInputEvents = YES;
				INFOPLIST_KEY_UILaunchStoryboardName = LaunchScreen;
				INFOPLIST_KEY_UIMainStoryboardFile = Main;
				INFOPLIST_KEY_UISupportedInterfaceOrientations_iPad = "UIInterfaceOrientationPortrait UIInterfaceOrientationPortraitUpsideDown UIInterfaceOrientationLandscapeLeft UIInterfaceOrientationLandscapeRight";
				INFOPLIST_KEY_UISupportedInterfaceOrientations_iPhone = "UIInterfaceOrientationPortrait UIInterfaceOrientationLandscapeLeft UIInterfaceOrientationLandscapeRight";
				LD_RUNPATH_SEARCH_PATHS = (
					"$(inherited)",
					"@executable_path/Frameworks",
				);
				MARKETING_VERSION = 1.0;
				PRODUCT_BUNDLE_IDENTIFIER = "Sankalp.Storm-Viewer";
				PRODUCT_NAME = "$(TARGET_NAME)";
				SWIFT_EMIT_LOC_STRINGS = YES;
				SWIFT_VERSION = 5.0;
				TARGETED_DEVICE_FAMILY = "1,2";
			};
			name = Release;
		};
		F687182E27D3CF0000DB62D1 /* Debug */ = {
			isa = XCBuildConfiguration;
			buildSettings = {
				ALWAYS_EMBED_SWIFT_STANDARD_LIBRARIES = YES;
				BUNDLE_LOADER = "$(TEST_HOST)";
				CODE_SIGN_STYLE = Automatic;
				CURRENT_PROJECT_VERSION = 1;
				GENERATE_INFOPLIST_FILE = YES;
				IPHONEOS_DEPLOYMENT_TARGET = 15.2;
				MARKETING_VERSION = 1.0;
				PRODUCT_BUNDLE_IDENTIFIER = "Sankalp.Storm-ViewerTests";
				PRODUCT_NAME = "$(TARGET_NAME)";
				SWIFT_EMIT_LOC_STRINGS = NO;
				SWIFT_VERSION = 5.0;
				TARGETED_DEVICE_FAMILY = "1,2";
				TEST_HOST = "$(BUILT_PRODUCTS_DIR)/Storm Viewer.app/Storm Viewer";
			};
			name = Debug;
		};
		F687182F27D3CF0000DB62D1 /* Release */ = {
			isa = XCBuildConfiguration;
			buildSettings = {
				ALWAYS_EMBED_SWIFT_STANDARD_LIBRARIES = YES;
				BUNDLE_LOADER = "$(TEST_HOST)";
				CODE_SIGN_STYLE = Automatic;
				CURRENT_PROJECT_VERSION = 1;
				GENERATE_INFOPLIST_FILE = YES;
				IPHONEOS_DEPLOYMENT_TARGET = 15.2;
				MARKETING_VERSION = 1.0;
				PRODUCT_BUNDLE_IDENTIFIER = "Sankalp.Storm-ViewerTests";
				PRODUCT_NAME = "$(TARGET_NAME)";
				SWIFT_EMIT_LOC_STRINGS = NO;
				SWIFT_VERSION = 5.0;
				TARGETED_DEVICE_FAMILY = "1,2";
				TEST_HOST = "$(BUILT_PRODUCTS_DIR)/Storm Viewer.app/Storm Viewer";
			};
			name = Release;
		};
		F687183127D3CF0000DB62D1 /* Debug */ = {
			isa = XCBuildConfiguration;
			buildSettings = {
				ALWAYS_EMBED_SWIFT_STANDARD_LIBRARIES = YES;
				CODE_SIGN_STYLE = Automatic;
				CURRENT_PROJECT_VERSION = 1;
				GENERATE_INFOPLIST_FILE = YES;
				MARKETING_VERSION = 1.0;
				PRODUCT_BUNDLE_IDENTIFIER = "Sankalp.Storm-ViewerUITests";
				PRODUCT_NAME = "$(TARGET_NAME)";
				SWIFT_EMIT_LOC_STRINGS = NO;
				SWIFT_VERSION = 5.0;
				TARGETED_DEVICE_FAMILY = "1,2";
				TEST_TARGET_NAME = "Storm Viewer";
			};
			name = Debug;
		};
		F687183227D3CF0000DB62D1 /* Release */ = {
			isa = XCBuildConfiguration;
			buildSettings = {
				ALWAYS_EMBED_SWIFT_STANDARD_LIBRARIES = YES;
				CODE_SIGN_STYLE = Automatic;
				CURRENT_PROJECT_VERSION = 1;
				GENERATE_INFOPLIST_FILE = YES;
				MARKETING_VERSION = 1.0;
				PRODUCT_BUNDLE_IDENTIFIER = "Sankalp.Storm-ViewerUITests";
				PRODUCT_NAME = "$(TARGET_NAME)";
				SWIFT_EMIT_LOC_STRINGS = NO;
				SWIFT_VERSION = 5.0;
				TARGETED_DEVICE_FAMILY = "1,2";
				TEST_TARGET_NAME = "Storm Viewer";
			};
			name = Release;
		};
/* End XCBuildConfiguration section */

/* Begin XCConfigurationList section */
		F68717FB27D3CEFF00DB62D1 /* Build configuration list for PBXProject "Storm Viewer" */ = {
			isa = XCConfigurationList;
			buildConfigurations = (
				F687182827D3CF0000DB62D1 /* Debug */,
				F687182927D3CF0000DB62D1 /* Release */,
			);
			defaultConfigurationIsVisible = 0;
			defaultConfigurationName = Release;
		};
		F687182A27D3CF0000DB62D1 /* Build configuration list for PBXNativeTarget "Storm Viewer" */ = {
			isa = XCConfigurationList;
			buildConfigurations = (
				F687182B27D3CF0000DB62D1 /* Debug */,
				F687182C27D3CF0000DB62D1 /* Release */,
			);
			defaultConfigurationIsVisible = 0;
			defaultConfigurationName = Release;
		};
		F687182D27D3CF0000DB62D1 /* Build configuration list for PBXNativeTarget "Storm ViewerTests" */ = {
			isa = XCConfigurationList;
			buildConfigurations = (
				F687182E27D3CF0000DB62D1 /* Debug */,
				F687182F27D3CF0000DB62D1 /* Release */,
			);
			defaultConfigurationIsVisible = 0;
			defaultConfigurationName = Release;
		};
		F687183027D3CF0000DB62D1 /* Build configuration list for PBXNativeTarget "Storm ViewerUITests" */ = {
			isa = XCConfigurationList;
			buildConfigurations = (
				F687183127D3CF0000DB62D1 /* Debug */,
				F687183227D3CF0000DB62D1 /* Release */,
			);
			defaultConfigurationIsVisible = 0;
			defaultConfigurationName = Release;
		};
/* End XCConfigurationList section */
	};
	rootObject = F68717F827D3CEFF00DB62D1 /* Project object */;
}
